
Microsoft Visual Studio Solution File, Format Version 12.00
# Visual Studio Version 17
VisualStudioVersion = 17.2.32516.85
MinimumVisualStudioVersion = 10.0.40219.1
Project("{FAE04EC0-301F-11D3-BF4B-00C04F79EFBC}") = "BankIntegrationMiniApp", "BankIntegrationMiniApp\BankIntegrationMiniApp.csproj", "{68164B2C-BD20-4DBA-9E7A-75E72411D9D3}"
EndProject
Global
	GlobalSection(SolutionConfigurationPlatforms) = preSolution
		Debug|Any CPU = Debug|Any CPU
		Release|Any CPU = Release|Any CPU
	EndGlobalSection
	GlobalSection(ProjectConfigurationPlatforms) = postSolution
		{68164B2C-BD20-4DBA-9E7A-75E72411D9D3}.Debug|Any CPU.ActiveCfg = Debug|Any CPU
		{68164B2C-BD20-4DBA-9E7A-75E72411D9D3}.Debug|Any CPU.Build.0 = Debug|Any CPU
		{68164B2C-BD20-4DBA-9E7A-75E72411D9D3}.Release|Any CPU.ActiveCfg = Release|Any CPU
		{68164B2C-BD20-4DBA-9E7A-75E72411D9D3}.Release|Any CPU.Build.0 = Release|Any CPU
	EndGlobalSection
	GlobalSection(SolutionProperties) = preSolution
		HideSolutionNode = FALSE
	EndGlobalSection
	GlobalSection(ExtensibilityGlobals) = postSolution
		SolutionGuid = {4742CBD1-D7B4-4F73-B3E8-DACA3CE62CCE}
	EndGlobalSection
EndGlobal
